
Microsoft Visual Studio Solution File, Format Version 12.00
# Visual Studio 14
VisualStudioVersion = 14.0.25420.1
MinimumVisualStudioVersion = 10.0.40219.1
Project("{FAE04EC0-301F-11D3-BF4B-00C04F79EFBC}") = "OutlookSync2", "OutlookSync2\OutlookSync2.csproj", "{D2DB138D-52DC-426B-9BAB-BD5C59C728CC}"
EndProject
Global
	GlobalSection(SolutionConfigurationPlatforms) = preSolution
		Debug|Any CPU = Debug|Any CPU
		Release|Any CPU = Release|Any CPU
	EndGlobalSection
	GlobalSection(ProjectConfigurationPlatforms) = postSolution
		{D2DB138D-52DC-426B-9BAB-BD5C59C728CC}.Debug|Any CPU.ActiveCfg = Debug|Any CPU
		{D2DB138D-52DC-426B-9BAB-BD5C59C728CC}.Debug|Any CPU.Build.0 = Debug|Any CPU
		{D2DB138D-52DC-426B-9BAB-BD5C59C728CC}.Release|Any CPU.ActiveCfg = Release|Any CPU
		{D2DB138D-52DC-426B-9BAB-BD5C59C728CC}.Release|Any CPU.Build.0 = Release|Any CPU
	EndGlobalSection
	GlobalSection(SolutionProperties) = preSolution
		HideSolutionNode = FALSE
	EndGlobalSection
EndGlobal
